
Microsoft Visual Studio Solution File, Format Version 12.00
# Visual Studio Version 17
VisualStudioVersion = 17.0.31903.59
MinimumVisualStudioVersion = 10.0.40219.1
Project("{FAE04EC0-301F-11D3-BF4B-00C04F79EFBC}") = "API", "API\API.csproj", "{38D7D64B-74A0-403C-AF30-6CFD4DDBD0C3}"
EndProject
Project("{FAE04EC0-301F-11D3-BF4B-00C04F79EFBC}") = "Core", "Core\Core.csproj", "{297AA541-2D40-4BC6-B23A-CDD695B0F661}"
EndProject
Project("{FAE04EC0-301F-11D3-BF4B-00C04F79EFBC}") = "Infrastructure", "Infrastructure\Infrastructure.csproj", "{3EFF133E-6072-45CB-80CC-A1FE96C19968}"
EndProject
Global
	GlobalSection(SolutionConfigurationPlatforms) = preSolution
		Debug|Any CPU = Debug|Any CPU
		Release|Any CPU = Release|Any CPU
	EndGlobalSection
	GlobalSection(SolutionProperties) = preSolution
		HideSolutionNode = FALSE
	EndGlobalSection
	GlobalSection(ProjectConfigurationPlatforms) = postSolution
		{38D7D64B-74A0-403C-AF30-6CFD4DDBD0C3}.Debug|Any CPU.ActiveCfg = Debug|Any CPU
		{38D7D64B-74A0-403C-AF30-6CFD4DDBD0C3}.Debug|Any CPU.Build.0 = Debug|Any CPU
		{38D7D64B-74A0-403C-AF30-6CFD4DDBD0C3}.Release|Any CPU.ActiveCfg = Release|Any CPU
		{38D7D64B-74A0-403C-AF30-6CFD4DDBD0C3}.Release|Any CPU.Build.0 = Release|Any CPU
		{297AA541-2D40-4BC6-B23A-CDD695B0F661}.Debug|Any CPU.ActiveCfg = Debug|Any CPU
		{297AA541-2D40-4BC6-B23A-CDD695B0F661}.Debug|Any CPU.Build.0 = Debug|Any CPU
		{297AA541-2D40-4BC6-B23A-CDD695B0F661}.Release|Any CPU.ActiveCfg = Release|Any CPU
		{297AA541-2D40-4BC6-B23A-CDD695B0F661}.Release|Any CPU.Build.0 = Release|Any CPU
		{3EFF133E-6072-45CB-80CC-A1FE96C19968}.Debug|Any CPU.ActiveCfg = Debug|Any CPU
		{3EFF133E-6072-45CB-80CC-A1FE96C19968}.Debug|Any CPU.Build.0 = Debug|Any CPU
		{3EFF133E-6072-45CB-80CC-A1FE96C19968}.Release|Any CPU.ActiveCfg = Release|Any CPU
		{3EFF133E-6072-45CB-80CC-A1FE96C19968}.Release|Any CPU.Build.0 = Release|Any CPU
	EndGlobalSection
EndGlobal
